
Microsoft Visual Studio Solution File, Format Version 12.00
# Visual Studio Version 17
VisualStudioVersion = 17.14.36408.4 d17.14
MinimumVisualStudioVersion = 10.0.40219.1
Project("{FAE04EC0-301F-11D3-BF4B-00C04F79EFBC}") = "clickclockClient", "clickclockClient.csproj", "{1BE4EA87-0152-4CA9-97CB-03A4FF30A918}"
EndProject
Global
	GlobalSection(SolutionConfigurationPlatforms) = preSolution
		Debug|Any CPU = Debug|Any CPU
		Release|Any CPU = Release|Any CPU
	EndGlobalSection
	GlobalSection(ProjectConfigurationPlatforms) = postSolution
		{1BE4EA87-0152-4CA9-97CB-03A4FF30A918}.Debug|Any CPU.ActiveCfg = Debug|Any CPU
		{1BE4EA87-0152-4CA9-97CB-03A4FF30A918}.Debug|Any CPU.Build.0 = Debug|Any CPU
		{1BE4EA87-0152-4CA9-97CB-03A4FF30A918}.Release|Any CPU.ActiveCfg = Release|Any CPU
		{1BE4EA87-0152-4CA9-97CB-03A4FF30A918}.Release|Any CPU.Build.0 = Release|Any CPU
	EndGlobalSection
	GlobalSection(SolutionProperties) = preSolution
		HideSolutionNode = FALSE
	EndGlobalSection
	GlobalSection(ExtensibilityGlobals) = postSolution
		SolutionGuid = {1A11973A-8797-4706-B2AE-9F20F8792677}
	EndGlobalSection
EndGlobal
